
Microsoft Visual Studio Solution File, Format Version 12.00
# Visual Studio Version 16
VisualStudioVersion = 16.0.30711.63
MinimumVisualStudioVersion = 10.0.40219.1
Project("{FAE04EC0-301F-11D3-BF4B-00C04F79EFBC}") = "Webproje", "Webproje\Webproje.csproj", "{F1BE0563-0462-4561-8F9A-4179DDB60DE4}"
EndProject
Global
	GlobalSection(SolutionConfigurationPlatforms) = preSolution
		Debug|Any CPU = Debug|Any CPU
		Release|Any CPU = Release|Any CPU
	EndGlobalSection
	GlobalSection(ProjectConfigurationPlatforms) = postSolution
		{F1BE0563-0462-4561-8F9A-4179DDB60DE4}.Debug|Any CPU.ActiveCfg = Debug|Any CPU
		{F1BE0563-0462-4561-8F9A-4179DDB60DE4}.Debug|Any CPU.Build.0 = Debug|Any CPU
		{F1BE0563-0462-4561-8F9A-4179DDB60DE4}.Release|Any CPU.ActiveCfg = Release|Any CPU
		{F1BE0563-0462-4561-8F9A-4179DDB60DE4}.Release|Any CPU.Build.0 = Release|Any CPU
	EndGlobalSection
	GlobalSection(SolutionProperties) = preSolution
		HideSolutionNode = FALSE
	EndGlobalSection
	GlobalSection(ExtensibilityGlobals) = postSolution
		SolutionGuid = {AC78D2F9-FECB-4972-8BDF-6753BC672E27}
	EndGlobalSection
EndGlobal
